<?xml version="1.0" encoding="utf-8"?>
<Project ToolsVersion="4.0" xmlns="http://schemas.microsoft.com/developer/msbuild/2003">
  <ItemGroup>
    <Filter Include="소스 파일">
      <UniqueIdentifier>{4FC737F1-C7A5-4376-A066-2A32D752A2FF}</UniqueIdentifier>
      <Extensions>cpp;c;cc;cxx;def;odl;idl;hpj;bat;asm;asmx</Extensions>
    </Filter>
    <Filter Include="헤더 파일">
      <UniqueIdentifier>{93995380-89BD-4b04-88EB-625FBE52EBFB}</UniqueIdentifier>
      <Extensions>h;hpp;hxx;hm;inl;inc;xsd</Extensions>
    </Filter>
    <Filter Include="리소스 파일">
      <UniqueIdentifier>{67DA6AB6-F800-4c08-8B7A-83BB121AAD01}</UniqueIdentifier>
      <Extensions>rc;ico;cur;bmp;dlg;rc2;rct;bin;rgs;gif;jpg;jpeg;jpe;resx;tiff;tif;png;wav;mfcribbon-ms</Extensions>
    </Filter>
    <Filter Include="Algorithm">
      <UniqueIdentifier>{892a3098-8a0b-4a28-b694-66cc5f22093f}</UniqueIdentifier>
    </Filter>
    <Filter Include="Common">
      <UniqueIdentifier>{18e87ce9-3fc2-40ec-997e-06bf9d7d1ae0}</UniqueIdentifier>
    </Filter>
    <Filter Include="MatBufferManager">
      <UniqueIdentifier>{426e9db1-40b6-4ae3-90c2-18c226fed5c8}</UniqueIdentifier>
    </Filter>
    <Filter Include="Inspect_LCP">
      <UniqueIdentifier>{ae8dd8b6-3be5-43e6-a780-a92e90baef09}</UniqueIdentifier>
    </Filter>
    <Filter Include="Inspect_Display">
      <UniqueIdentifier>{7eaa20ee-ee93-4b1d-be2c-2355eb0a7e95}</UniqueIdentifier>
    </Filter>
  </ItemGroup>
  <ItemGroup>
    <None Include="ReadMe.txt" />
  </ItemGroup>
  <ItemGroup>
    <ClInclude Include="stdafx.h">
      <Filter>헤더 파일</Filter>
    </ClInclude>
    <ClInclude Include="targetver.h">
      <Filter>헤더 파일</Filter>
    </ClInclude>
    <ClInclude Include="Resource.h">
      <Filter>헤더 파일</Filter>
    </ClInclude>
    <ClInclude Include="InspectLib.h">
      <Filter>헤더 파일</Filter>
    </ClInclude>
    <ClInclude Include="Define.h">
      <Filter>Common</Filter>
    </ClInclude>
    <ClInclude Include="FeatureExtraction.h">
      <Filter>Algorithm</Filter>
    </ClInclude>
    <ClInclude Include="InspectAlign.h">
      <Filter>Common</Filter>
    </ClInclude>
    <ClInclude Include="InspectLine.h">
      <Filter>Inspect_Display</Filter>
    </ClInclude>
    <ClInclude Include="InspectMura.h">
      <Filter>Inspect_Display</Filter>
    </ClInclude>
    <ClInclude Include="InspectSVI.h">
      <Filter>Inspect_Display</Filter>
    </ClInclude>
    <ClInclude Include="InspectMura2.h">
      <Filter>Inspect_Display</Filter>
    </ClInclude>
    <ClInclude Include="InspectPad.h">
      <Filter>Inspect_Display</Filter>
    </ClInclude>
    <ClInclude Include="InspectEdge.h">
      <Filter>Inspect_Display</Filter>
    </ClInclude>
    <ClInclude Include="InspectActive.h">
      <Filter>Inspect_Display</Filter>
    </ClInclude>
    <ClInclude Include="DefectCCD.h">
      <Filter>Algorithm</Filter>
    </ClInclude>
    <ClInclude Include="BasicLibrary.h">
      <Filter>Common</Filter>
    </ClInclude>
    <ClInclude Include="ExportLibrary.h">
      <Filter>Common</Filter>
    </ClInclude>
    <ClInclude Include="MatBufferManager.h">
      <Filter>MatBufferManager</Filter>
    </ClInclude>
    <ClInclude Include="MatBuf.h">
      <Filter>MatBufferManager</Filter>
    </ClInclude>
    <ClInclude Include="DomainFilter.h">
      <Filter>Algorithm</Filter>
    </ClInclude>
    <ClInclude Include="ColorCorrection.h">
      <Filter>Algorithm</Filter>
    </ClInclude>
    <ClInclude Include="TimeOut.h">
      <Filter>Algorithm</Filter>
    </ClInclude>
    <ClInclude Include="InspectLibLog.h">
      <Filter>Common</Filter>
    </ClInclude>
    <ClInclude Include="InspectMuraNormal.h">
      <Filter>Inspect_Display</Filter>
    </ClInclude>
    <ClInclude Include="InspectMura3.h">
      <Filter>Inspect_Display</Filter>
    </ClInclude>
    <ClInclude Include="InspectMura4.h">
      <Filter>Inspect_Display</Filter>
    </ClInclude>
    <ClInclude Include="InspectMuraChole.h">
      <Filter>Inspect_Display</Filter>
    </ClInclude>
    <ClInclude Include="InspectMuraScratch.h">
      <Filter>Inspect_Display</Filter>
    </ClInclude>
    <ClInclude Include="InspectConcealment.h">
      <Filter>Inspect_LCP</Filter>
    </ClInclude>
    <ClInclude Include="InspectLCPLine.h">
      <Filter>Inspect_LCP</Filter>
    </ClInclude>
    <ClInclude Include="InspectMoisture.h">
      <Filter>Inspect_LCP</Filter>
    </ClInclude>
    <ClInclude Include="InspectVariance.h">
      <Filter>Inspect_LCP</Filter>
    </ClInclude>
    <ClInclude Include="InspectPoint.h">
      <Filter>Inspect_LCP</Filter>
    </ClInclude>
  </ItemGroup>
  <ItemGroup>
    <ClCompile Include="stdafx.cpp">
      <Filter>소스 파일</Filter>
    </ClCompile>
    <ClCompile Include="InspectLib.cpp">
      <Filter>소스 파일</Filter>
    </ClCompile>
    <ClCompile Include="FeatureExtraction.cpp">
      <Filter>Algorithm</Filter>
    </ClCompile>
    <ClCompile Include="InspectAlign.cpp">
      <Filter>Common</Filter>
    </ClCompile>
    <ClCompile Include="InspectLine.cpp">
      <Filter>Inspect_Display</Filter>
    </ClCompile>
    <ClCompile Include="InspectMura.cpp">
      <Filter>Inspect_Display</Filter>
    </ClCompile>
    <ClCompile Include="InspectSVI.cpp">
      <Filter>Inspect_Display</Filter>
    </ClCompile>
    <ClCompile Include="InspectMura2.cpp">
      <Filter>Inspect_Display</Filter>
    </ClCompile>
    <ClCompile Include="InspectEdge.cpp">
      <Filter>Inspect_Display</Filter>
    </ClCompile>
    <ClCompile Include="InspectPad.cpp">
      <Filter>Inspect_Display</Filter>
    </ClCompile>
    <ClCompile Include="InspectActive.cpp">
      <Filter>Inspect_Display</Filter>
    </ClCompile>
    <ClCompile Include="DefectCCD.cpp">
      <Filter>Algorithm</Filter>
    </ClCompile>
    <ClCompile Include="BasicLibrary.cpp">
      <Filter>Common</Filter>
    </ClCompile>
    <ClCompile Include="ExportLibrary.cpp">
      <Filter>Common</Filter>
    </ClCompile>
    <ClCompile Include="MatBufferManager.cpp">
      <Filter>MatBufferManager</Filter>
    </ClCompile>
    <ClCompile Include="MatBuf.cpp">
      <Filter>MatBufferManager</Filter>
    </ClCompile>
    <ClCompile Include="DomainFilter.cpp">
      <Filter>Algorithm</Filter>
    </ClCompile>
    <ClCompile Include="ColorCorrection.cpp">
      <Filter>Algorithm</Filter>
    </ClCompile>
    <ClCompile Include="TimeOut.cpp">
      <Filter>Algorithm</Filter>
    </ClCompile>
    <ClCompile Include="InspectMuraNormal.cpp">
      <Filter>Inspect_Display</Filter>
    </ClCompile>
    <ClCompile Include="InspectMura3.cpp">
      <Filter>Inspect_Display</Filter>
    </ClCompile>
    <ClCompile Include="InspectMura4.cpp">
      <Filter>Inspect_Display</Filter>
    </ClCompile>
    <ClCompile Include="InspectMuraChole.cpp">
      <Filter>Inspect_Display</Filter>
    </ClCompile>
    <ClCompile Include="InspectMuraScratch.cpp">
      <Filter>Inspect_Display</Filter>
    </ClCompile>
    <ClCompile Include="InspectConcealment.cpp">
      <Filter>Inspect_LCP</Filter>
    </ClCompile>
    <ClCompile Include="InspectLCPLine.cpp">
      <Filter>Inspect_LCP</Filter>
    </ClCompile>
    <ClCompile Include="InspectMoisture.cpp">
      <Filter>Inspect_LCP</Filter>
    </ClCompile>
    <ClCompile Include="InspectVariance.cpp">
      <Filter>Inspect_LCP</Filter>
    </ClCompile>
    <ClCompile Include="InspectPoint.cpp">
      <Filter>Inspect_LCP</Filter>
    </ClCompile>
  </ItemGroup>
  <ItemGroup>
    <ResourceCompile Include="InspectLib.rc">
      <Filter>리소스 파일</Filter>
    </ResourceCompile>
  </ItemGroup>
</Project>