
Microsoft Visual Studio Solution File, Format Version 12.00
# Visual Studio 14
VisualStudioVersion = 14.0.25420.1
MinimumVisualStudioVersion = 10.0.40219.1
Project("{8BC9CEB8-8B4A-11D0-8D11-00A0C91BC942}") = "VSLightTask", "VSLightTask\VSLightTask.vcxproj", "{DFA77D45-020C-41ED-AEA1-91AE1F6F35F1}"
	ProjectSection(ProjectDependencies) = postProject
		{132B7282-1304-4768-9E93-6D4341EF3550} = {132B7282-1304-4768-9E93-6D4341EF3550}
	EndProjectSection
EndProject
Project("{8BC9CEB8-8B4A-11D0-8D11-00A0C91BC942}") = "NeepsLightTask", "VSLightTask\NeepsLightTask.vcxproj", "{132B7282-1304-4768-9E93-6D4341EF3550}"
EndProject
Project("{8BC9CEB8-8B4A-11D0-8D11-00A0C91BC942}") = "PlustekLightTask", "VSLightTask\PlustekLightTask.vcxproj", "{7220478C-56FA-4020-BFF5-4B1364B2B1EF}"
	ProjectSection(ProjectDependencies) = postProject
		{DFA77D45-020C-41ED-AEA1-91AE1F6F35F1} = {DFA77D45-020C-41ED-AEA1-91AE1F6F35F1}
	EndProjectSection
EndProject
Project("{8BC9CEB8-8B4A-11D0-8D11-00A0C91BC942}") = "EroomLightTask", "VSLightTask\EroomLightTask.vcxproj", "{6A47123F-2CE9-4D46-8281-1ED7DE7374E1}"
	ProjectSection(ProjectDependencies) = postProject
		{EE2CFC5F-9449-A19D-331B-786D0989DC07} = {EE2CFC5F-9449-A19D-331B-786D0989DC07}
	EndProjectSection
EndProject
Project("{2150E333-8FDC-42A3-9474-1A3956D46DE8}") = "EroomLight", "EroomLight", "{EC1B21B2-107A-441C-8DA1-4B56E729E03C}"
EndProject
Project("{8BC9CEB8-8B4A-11D0-8D11-00A0C91BC942}") = "ProtocolLibRegEroom", "VSLightTask\EroomLight\ProtocolLibReg\ProtocolLibRegEroom.vcxproj", "{EE2CFC5F-9449-A19D-331B-786D0989DC07}"
	ProjectSection(ProjectDependencies) = postProject
		{723A9C2B-08F8-2F9E-5883-50DDB1B2B467} = {723A9C2B-08F8-2F9E-5883-50DDB1B2B467}
	EndProjectSection
EndProject
Project("{8BC9CEB8-8B4A-11D0-8D11-00A0C91BC942}") = "Rs232CommSTD", "VSLightTask\EroomLight\Rs232CommSTD\Rs232CommSTD.vcxproj", "{723A9C2B-08F8-2F9E-5883-50DDB1B2B467}"
EndProject
Project("{2150E333-8FDC-42A3-9474-1A3956D46DE8}") = "SuninLight", "SuninLight", "{74FFCDD8-B1E5-4357-9574-BB5A72E1BBFE}"
EndProject
Project("{8BC9CEB8-8B4A-11D0-8D11-00A0C91BC942}") = "ProtocolLibRegSunin", "VSLightTask\SuninLight\ProtocolLibReg\ProtocolLibRegSunin.vcxproj", "{82376F04-42E2-4C62-FD2B-57F8A23976EB}"
	ProjectSection(ProjectDependencies) = postProject
		{35F58229-D977-EBE8-EFCA-8D998BE8DE3D} = {35F58229-D977-EBE8-EFCA-8D998BE8DE3D}
	EndProjectSection
EndProject
Project("{8BC9CEB8-8B4A-11D0-8D11-00A0C91BC942}") = "Rs232CommSTD", "VSLightTask\SuninLight\Rs232CommSTD\Rs232CommSTD.vcxproj", "{35F58229-D977-EBE8-EFCA-8D998BE8DE3D}"
EndProject
Project("{8BC9CEB8-8B4A-11D0-8D11-00A0C91BC942}") = "SuninLightTask", "VSLightTask\SuninLightTask.vcxproj", "{20C6EE81-596C-4682-BFB8-18F1ACDE7D01}"
	ProjectSection(ProjectDependencies) = postProject
		{82376F04-42E2-4C62-FD2B-57F8A23976EB} = {82376F04-42E2-4C62-FD2B-57F8A23976EB}
	EndProjectSection
EndProject
Project("{2150E333-8FDC-42A3-9474-1A3956D46DE8}") = "LFineLight", "LFineLight", "{1BFE17BB-9C4D-4264-ABDA-F5E62156D8DC}"
EndProject
Project("{8BC9CEB8-8B4A-11D0-8D11-00A0C91BC942}") = "ProtocolLibRegLFine", "VSLightTask\LFineLight\ProtocolLibReg\ProtocolLibRegLFine.vcxproj", "{A3B18EA9-84AA-32CD-5F29-57D9F770D205}"
	ProjectSection(ProjectDependencies) = postProject
		{745AFC9C-5AAA-CE30-64DE-BA375A632929} = {745AFC9C-5AAA-CE30-64DE-BA375A632929}
	EndProjectSection
EndProject
Project("{8BC9CEB8-8B4A-11D0-8D11-00A0C91BC942}") = "Rs232CommSTD", "VSLightTask\LFineLight\Rs232CommSTD\Rs232CommSTD.vcxproj", "{745AFC9C-5AAA-CE30-64DE-BA375A632929}"
EndProject
Project("{8BC9CEB8-8B4A-11D0-8D11-00A0C91BC942}") = "LFineLightTask", "VSLightTask\LFineLightTask.vcxproj", "{6363FCA2-051C-4196-850F-FD8457B4324E}"
	ProjectSection(ProjectDependencies) = postProject
		{A3B18EA9-84AA-32CD-5F29-57D9F770D205} = {A3B18EA9-84AA-32CD-5F29-57D9F770D205}
	EndProjectSection
EndProject
Project("{2150E333-8FDC-42A3-9474-1A3956D46DE8}") = "LLightLight", "LLightLight", "{44CABF19-DFB6-4785-A16D-B428CF3EBB2D}"
EndProject
Project("{8BC9CEB8-8B4A-11D0-8D11-00A0C91BC942}") = "ProtocolLibRegLLight", "VSLightTask\LLightLight\ProtocolLibReg\ProtocolLibRegLLight.vcxproj", "{9EEF71DB-96D5-438D-8838-515613A88C8B}"
EndProject
Project("{8BC9CEB8-8B4A-11D0-8D11-00A0C91BC942}") = "Rs232CommSTD", "VSLightTask\LLightLight\Rs232CommSTD\Rs232CommSTD.vcxproj", "{A13AC4D2-FB77-4CAB-A638-4FCCEF61A0AD}"
EndProject
Project("{8BC9CEB8-8B4A-11D0-8D11-00A0C91BC942}") = "LLightLightTask", "VSLightTask\LLightLightTask.vcxproj", "{AF5B74F1-AA33-4A1E-A866-15E7DD0BF6DE}"
EndProject
Project("{2150E333-8FDC-42A3-9474-1A3956D46DE8}") = "TrivisionLight", "TrivisionLight", "{717FA7E1-062A-4B08-84B1-137AE0D20067}"
EndProject
Project("{8BC9CEB8-8B4A-11D0-8D11-00A0C91BC942}") = "TrivisionLightTask", "VSLightTask\TrivisionLightTask.vcxproj", "{5CE74B82-256A-4322-9BDC-A099B799737E}"
EndProject
Project("{8BC9CEB8-8B4A-11D0-8D11-00A0C91BC942}") = "ProtocolLibRegTrivisionLight", "VSLightTask\TrivisionLight\ProtocolLibReg\ProtocolLibRegTrivisionLight.vcxproj", "{946CAF96-C9E6-4E0A-A40E-F4FA816954DC}"
EndProject
Project("{8BC9CEB8-8B4A-11D0-8D11-00A0C91BC942}") = "Rs232CommSTD", "VSLightTask\TrivisionLight\Rs232CommSTD\Rs232CommSTD.vcxproj", "{53B30852-A8C0-4795-9B28-780B0256D589}"
EndProject
Global
	GlobalSection(SolutionConfigurationPlatforms) = preSolution
		Debug|Win32 = Debug|Win32
		Debug|x64 = Debug|x64
		Release|Win32 = Release|Win32
		Release|x64 = Release|x64
		Template|Win32 = Template|Win32
		Template|x64 = Template|x64
	EndGlobalSection
	GlobalSection(ProjectConfigurationPlatforms) = postSolution
		{DFA77D45-020C-41ED-AEA1-91AE1F6F35F1}.Debug|Win32.ActiveCfg = Debug|Win32
		{DFA77D45-020C-41ED-AEA1-91AE1F6F35F1}.Debug|x64.ActiveCfg = Debug|x64
		{DFA77D45-020C-41ED-AEA1-91AE1F6F35F1}.Debug|x64.Build.0 = Debug|x64
		{DFA77D45-020C-41ED-AEA1-91AE1F6F35F1}.Release|Win32.ActiveCfg = Release|Win32
		{DFA77D45-020C-41ED-AEA1-91AE1F6F35F1}.Release|x64.ActiveCfg = Release|x64
		{DFA77D45-020C-41ED-AEA1-91AE1F6F35F1}.Release|x64.Build.0 = Release|x64
		{DFA77D45-020C-41ED-AEA1-91AE1F6F35F1}.Template|Win32.ActiveCfg = Release|x64
		{DFA77D45-020C-41ED-AEA1-91AE1F6F35F1}.Template|x64.ActiveCfg = Release|x64
		{DFA77D45-020C-41ED-AEA1-91AE1F6F35F1}.Template|x64.Build.0 = Release|x64
		{132B7282-1304-4768-9E93-6D4341EF3550}.Debug|Win32.ActiveCfg = Debug|Win32
		{132B7282-1304-4768-9E93-6D4341EF3550}.Debug|x64.ActiveCfg = Debug|x64
		{132B7282-1304-4768-9E93-6D4341EF3550}.Release|Win32.ActiveCfg = Release|Win32
		{132B7282-1304-4768-9E93-6D4341EF3550}.Release|Win32.Build.0 = Release|Win32
		{132B7282-1304-4768-9E93-6D4341EF3550}.Release|x64.ActiveCfg = Release|x64
		{132B7282-1304-4768-9E93-6D4341EF3550}.Release|x64.Build.0 = Release|x64
		{132B7282-1304-4768-9E93-6D4341EF3550}.Template|Win32.ActiveCfg = Release|x64
		{132B7282-1304-4768-9E93-6D4341EF3550}.Template|x64.ActiveCfg = Release|x64
		{132B7282-1304-4768-9E93-6D4341EF3550}.Template|x64.Build.0 = Release|x64
		{7220478C-56FA-4020-BFF5-4B1364B2B1EF}.Debug|Win32.ActiveCfg = Debug|Win32
		{7220478C-56FA-4020-BFF5-4B1364B2B1EF}.Debug|x64.ActiveCfg = Debug|x64
		{7220478C-56FA-4020-BFF5-4B1364B2B1EF}.Debug|x64.Build.0 = Debug|x64
		{7220478C-56FA-4020-BFF5-4B1364B2B1EF}.Release|Win32.ActiveCfg = Release|Win32
		{7220478C-56FA-4020-BFF5-4B1364B2B1EF}.Release|Win32.Build.0 = Release|Win32
		{7220478C-56FA-4020-BFF5-4B1364B2B1EF}.Release|x64.ActiveCfg = Release|x64
		{7220478C-56FA-4020-BFF5-4B1364B2B1EF}.Release|x64.Build.0 = Release|x64
		{7220478C-56FA-4020-BFF5-4B1364B2B1EF}.Template|Win32.ActiveCfg = Release|x64
		{7220478C-56FA-4020-BFF5-4B1364B2B1EF}.Template|x64.ActiveCfg = Release|x64
		{7220478C-56FA-4020-BFF5-4B1364B2B1EF}.Template|x64.Build.0 = Release|x64
		{6A47123F-2CE9-4D46-8281-1ED7DE7374E1}.Debug|Win32.ActiveCfg = Debug|Win32
		{6A47123F-2CE9-4D46-8281-1ED7DE7374E1}.Debug|x64.ActiveCfg = Debug|x64
		{6A47123F-2CE9-4D46-8281-1ED7DE7374E1}.Debug|x64.Build.0 = Debug|x64
		{6A47123F-2CE9-4D46-8281-1ED7DE7374E1}.Release|Win32.ActiveCfg = Release|Win32
		{6A47123F-2CE9-4D46-8281-1ED7DE7374E1}.Release|Win32.Build.0 = Release|Win32
		{6A47123F-2CE9-4D46-8281-1ED7DE7374E1}.Release|x64.ActiveCfg = Release|x64
		{6A47123F-2CE9-4D46-8281-1ED7DE7374E1}.Release|x64.Build.0 = Release|x64
		{6A47123F-2CE9-4D46-8281-1ED7DE7374E1}.Template|Win32.ActiveCfg = Release|x64
		{6A47123F-2CE9-4D46-8281-1ED7DE7374E1}.Template|x64.ActiveCfg = Release|x64
		{6A47123F-2CE9-4D46-8281-1ED7DE7374E1}.Template|x64.Build.0 = Release|x64
		{EE2CFC5F-9449-A19D-331B-786D0989DC07}.Debug|Win32.ActiveCfg = Debug|Win32
		{EE2CFC5F-9449-A19D-331B-786D0989DC07}.Debug|x64.ActiveCfg = Debug|Win32
		{EE2CFC5F-9449-A19D-331B-786D0989DC07}.Release|Win32.ActiveCfg = Release|Win32
		{EE2CFC5F-9449-A19D-331B-786D0989DC07}.Release|Win32.Build.0 = Release|Win32
		{EE2CFC5F-9449-A19D-331B-786D0989DC07}.Release|x64.ActiveCfg = Release|Win32
		{EE2CFC5F-9449-A19D-331B-786D0989DC07}.Template|Win32.ActiveCfg = Template|Win32
		{EE2CFC5F-9449-A19D-331B-786D0989DC07}.Template|Win32.Build.0 = Template|Win32
		{EE2CFC5F-9449-A19D-331B-786D0989DC07}.Template|x64.ActiveCfg = Template|Win32
		{723A9C2B-08F8-2F9E-5883-50DDB1B2B467}.Debug|Win32.ActiveCfg = Debug|Win32
		{723A9C2B-08F8-2F9E-5883-50DDB1B2B467}.Debug|x64.ActiveCfg = Debug|Win32
		{723A9C2B-08F8-2F9E-5883-50DDB1B2B467}.Release|Win32.ActiveCfg = Release|Win32
		{723A9C2B-08F8-2F9E-5883-50DDB1B2B467}.Release|Win32.Build.0 = Release|Win32
		{723A9C2B-08F8-2F9E-5883-50DDB1B2B467}.Release|x64.ActiveCfg = Release|Win32
		{723A9C2B-08F8-2F9E-5883-50DDB1B2B467}.Template|Win32.ActiveCfg = Template|Win32
		{723A9C2B-08F8-2F9E-5883-50DDB1B2B467}.Template|Win32.Build.0 = Template|Win32
		{723A9C2B-08F8-2F9E-5883-50DDB1B2B467}.Template|x64.ActiveCfg = Template|Win32
		{82376F04-42E2-4C62-FD2B-57F8A23976EB}.Debug|Win32.ActiveCfg = Debug|Win32
		{82376F04-42E2-4C62-FD2B-57F8A23976EB}.Debug|x64.ActiveCfg = Debug|Win32
		{82376F04-42E2-4C62-FD2B-57F8A23976EB}.Release|Win32.ActiveCfg = Release|Win32
		{82376F04-42E2-4C62-FD2B-57F8A23976EB}.Release|Win32.Build.0 = Release|Win32
		{82376F04-42E2-4C62-FD2B-57F8A23976EB}.Release|x64.ActiveCfg = Release|Win32
		{82376F04-42E2-4C62-FD2B-57F8A23976EB}.Template|Win32.ActiveCfg = Template|Win32
		{82376F04-42E2-4C62-FD2B-57F8A23976EB}.Template|Win32.Build.0 = Template|Win32
		{82376F04-42E2-4C62-FD2B-57F8A23976EB}.Template|x64.ActiveCfg = Template|Win32
		{35F58229-D977-EBE8-EFCA-8D998BE8DE3D}.Debug|Win32.ActiveCfg = Debug|Win32
		{35F58229-D977-EBE8-EFCA-8D998BE8DE3D}.Debug|x64.ActiveCfg = Debug|Win32
		{35F58229-D977-EBE8-EFCA-8D998BE8DE3D}.Release|Win32.ActiveCfg = Release|Win32
		{35F58229-D977-EBE8-EFCA-8D998BE8DE3D}.Release|Win32.Build.0 = Release|Win32
		{35F58229-D977-EBE8-EFCA-8D998BE8DE3D}.Release|x64.ActiveCfg = Release|Win32
		{35F58229-D977-EBE8-EFCA-8D998BE8DE3D}.Template|Win32.ActiveCfg = Template|Win32
		{35F58229-D977-EBE8-EFCA-8D998BE8DE3D}.Template|Win32.Build.0 = Template|Win32
		{35F58229-D977-EBE8-EFCA-8D998BE8DE3D}.Template|x64.ActiveCfg = Template|Win32
		{20C6EE81-596C-4682-BFB8-18F1ACDE7D01}.Debug|Win32.ActiveCfg = Debug|Win32
		{20C6EE81-596C-4682-BFB8-18F1ACDE7D01}.Debug|x64.ActiveCfg = Debug|x64
		{20C6EE81-596C-4682-BFB8-18F1ACDE7D01}.Debug|x64.Build.0 = Debug|x64
		{20C6EE81-596C-4682-BFB8-18F1ACDE7D01}.Release|Win32.ActiveCfg = Release|Win32
		{20C6EE81-596C-4682-BFB8-18F1ACDE7D01}.Release|Win32.Build.0 = Release|Win32
		{20C6EE81-596C-4682-BFB8-18F1ACDE7D01}.Release|x64.ActiveCfg = Release|x64
		{20C6EE81-596C-4682-BFB8-18F1ACDE7D01}.Release|x64.Build.0 = Release|x64
		{20C6EE81-596C-4682-BFB8-18F1ACDE7D01}.Template|Win32.ActiveCfg = Release|x64
		{20C6EE81-596C-4682-BFB8-18F1ACDE7D01}.Template|x64.ActiveCfg = Release|x64
		{20C6EE81-596C-4682-BFB8-18F1ACDE7D01}.Template|x64.Build.0 = Release|x64
		{A3B18EA9-84AA-32CD-5F29-57D9F770D205}.Debug|Win32.ActiveCfg = Debug|Win32
		{A3B18EA9-84AA-32CD-5F29-57D9F770D205}.Debug|x64.ActiveCfg = Debug|Win32
		{A3B18EA9-84AA-32CD-5F29-57D9F770D205}.Release|Win32.ActiveCfg = Release|Win32
		{A3B18EA9-84AA-32CD-5F29-57D9F770D205}.Release|Win32.Build.0 = Release|Win32
		{A3B18EA9-84AA-32CD-5F29-57D9F770D205}.Release|x64.ActiveCfg = Release|Win32
		{A3B18EA9-84AA-32CD-5F29-57D9F770D205}.Template|Win32.ActiveCfg = Template|Win32
		{A3B18EA9-84AA-32CD-5F29-57D9F770D205}.Template|Win32.Build.0 = Template|Win32
		{A3B18EA9-84AA-32CD-5F29-57D9F770D205}.Template|x64.ActiveCfg = Template|Win32
		{745AFC9C-5AAA-CE30-64DE-BA375A632929}.Debug|Win32.ActiveCfg = Debug|Win32
		{745AFC9C-5AAA-CE30-64DE-BA375A632929}.Debug|x64.ActiveCfg = Debug|Win32
		{745AFC9C-5AAA-CE30-64DE-BA375A632929}.Release|Win32.ActiveCfg = Release|Win32
		{745AFC9C-5AAA-CE30-64DE-BA375A632929}.Release|Win32.Build.0 = Release|Win32
		{745AFC9C-5AAA-CE30-64DE-BA375A632929}.Release|x64.ActiveCfg = Release|Win32
		{745AFC9C-5AAA-CE30-64DE-BA375A632929}.Template|Win32.ActiveCfg = Template|Win32
		{745AFC9C-5AAA-CE30-64DE-BA375A632929}.Template|Win32.Build.0 = Template|Win32
		{745AFC9C-5AAA-CE30-64DE-BA375A632929}.Template|x64.ActiveCfg = Template|Win32
		{6363FCA2-051C-4196-850F-FD8457B4324E}.Debug|Win32.ActiveCfg = Debug|Win32
		{6363FCA2-051C-4196-850F-FD8457B4324E}.Debug|x64.ActiveCfg = Debug|x64
		{6363FCA2-051C-4196-850F-FD8457B4324E}.Debug|x64.Build.0 = Debug|x64
		{6363FCA2-051C-4196-850F-FD8457B4324E}.Release|Win32.ActiveCfg = Release|Win32
		{6363FCA2-051C-4196-850F-FD8457B4324E}.Release|Win32.Build.0 = Release|Win32
		{6363FCA2-051C-4196-850F-FD8457B4324E}.Release|x64.ActiveCfg = Release|x64
		{6363FCA2-051C-4196-850F-FD8457B4324E}.Release|x64.Build.0 = Release|x64
		{6363FCA2-051C-4196-850F-FD8457B4324E}.Template|Win32.ActiveCfg = Release|x64
		{6363FCA2-051C-4196-850F-FD8457B4324E}.Template|x64.ActiveCfg = Release|x64
		{6363FCA2-051C-4196-850F-FD8457B4324E}.Template|x64.Build.0 = Release|x64
		{9EEF71DB-96D5-438D-8838-515613A88C8B}.Debug|Win32.ActiveCfg = Debug|Win32
		{9EEF71DB-96D5-438D-8838-515613A88C8B}.Debug|Win32.Build.0 = Debug|Win32
		{9EEF71DB-96D5-438D-8838-515613A88C8B}.Debug|x64.ActiveCfg = Debug|Win32
		{9EEF71DB-96D5-438D-8838-515613A88C8B}.Release|Win32.ActiveCfg = Release|Win32
		{9EEF71DB-96D5-438D-8838-515613A88C8B}.Release|Win32.Build.0 = Release|Win32
		{9EEF71DB-96D5-438D-8838-515613A88C8B}.Release|x64.ActiveCfg = Release|Win32
		{9EEF71DB-96D5-438D-8838-515613A88C8B}.Template|Win32.ActiveCfg = Template|Win32
		{9EEF71DB-96D5-438D-8838-515613A88C8B}.Template|Win32.Build.0 = Template|Win32
		{9EEF71DB-96D5-438D-8838-515613A88C8B}.Template|x64.ActiveCfg = Template|Win32
		{A13AC4D2-FB77-4CAB-A638-4FCCEF61A0AD}.Debug|Win32.ActiveCfg = Debug|Win32
		{A13AC4D2-FB77-4CAB-A638-4FCCEF61A0AD}.Debug|Win32.Build.0 = Debug|Win32
		{A13AC4D2-FB77-4CAB-A638-4FCCEF61A0AD}.Debug|x64.ActiveCfg = Debug|Win32
		{A13AC4D2-FB77-4CAB-A638-4FCCEF61A0AD}.Release|Win32.ActiveCfg = Release|Win32
		{A13AC4D2-FB77-4CAB-A638-4FCCEF61A0AD}.Release|Win32.Build.0 = Release|Win32
		{A13AC4D2-FB77-4CAB-A638-4FCCEF61A0AD}.Release|x64.ActiveCfg = Release|Win32
		{A13AC4D2-FB77-4CAB-A638-4FCCEF61A0AD}.Template|Win32.ActiveCfg = Template|Win32
		{A13AC4D2-FB77-4CAB-A638-4FCCEF61A0AD}.Template|Win32.Build.0 = Template|Win32
		{A13AC4D2-FB77-4CAB-A638-4FCCEF61A0AD}.Template|x64.ActiveCfg = Template|Win32
		{AF5B74F1-AA33-4A1E-A866-15E7DD0BF6DE}.Debug|Win32.ActiveCfg = Debug|Win32
		{AF5B74F1-AA33-4A1E-A866-15E7DD0BF6DE}.Debug|Win32.Build.0 = Debug|Win32
		{AF5B74F1-AA33-4A1E-A866-15E7DD0BF6DE}.Debug|x64.ActiveCfg = Debug|x64
		{AF5B74F1-AA33-4A1E-A866-15E7DD0BF6DE}.Debug|x64.Build.0 = Debug|x64
		{AF5B74F1-AA33-4A1E-A866-15E7DD0BF6DE}.Release|Win32.ActiveCfg = Release|Win32
		{AF5B74F1-AA33-4A1E-A866-15E7DD0BF6DE}.Release|Win32.Build.0 = Release|Win32
		{AF5B74F1-AA33-4A1E-A866-15E7DD0BF6DE}.Release|x64.ActiveCfg = Release|x64
		{AF5B74F1-AA33-4A1E-A866-15E7DD0BF6DE}.Release|x64.Build.0 = Release|x64
		{AF5B74F1-AA33-4A1E-A866-15E7DD0BF6DE}.Template|Win32.ActiveCfg = Release|Win32
		{AF5B74F1-AA33-4A1E-A866-15E7DD0BF6DE}.Template|Win32.Build.0 = Release|Win32
		{AF5B74F1-AA33-4A1E-A866-15E7DD0BF6DE}.Template|x64.ActiveCfg = Release|x64
		{AF5B74F1-AA33-4A1E-A866-15E7DD0BF6DE}.Template|x64.Build.0 = Release|x64
		{5CE74B82-256A-4322-9BDC-A099B799737E}.Debug|Win32.ActiveCfg = Debug|Win32
		{5CE74B82-256A-4322-9BDC-A099B799737E}.Debug|x64.ActiveCfg = Debug|x64
		{5CE74B82-256A-4322-9BDC-A099B799737E}.Debug|x64.Build.0 = Debug|x64
		{5CE74B82-256A-4322-9BDC-A099B799737E}.Release|Win32.ActiveCfg = Release|Win32
		{5CE74B82-256A-4322-9BDC-A099B799737E}.Release|Win32.Build.0 = Release|Win32
		{5CE74B82-256A-4322-9BDC-A099B799737E}.Release|x64.ActiveCfg = Release|x64
		{5CE74B82-256A-4322-9BDC-A099B799737E}.Release|x64.Build.0 = Release|x64
		{5CE74B82-256A-4322-9BDC-A099B799737E}.Template|Win32.ActiveCfg = Release|Win32
		{5CE74B82-256A-4322-9BDC-A099B799737E}.Template|Win32.Build.0 = Release|Win32
		{5CE74B82-256A-4322-9BDC-A099B799737E}.Template|x64.ActiveCfg = Release|x64
		{5CE74B82-256A-4322-9BDC-A099B799737E}.Template|x64.Build.0 = Release|x64
		{946CAF96-C9E6-4E0A-A40E-F4FA816954DC}.Debug|Win32.ActiveCfg = Debug|Win32
		{946CAF96-C9E6-4E0A-A40E-F4FA816954DC}.Debug|x64.ActiveCfg = Debug|Win32
		{946CAF96-C9E6-4E0A-A40E-F4FA816954DC}.Release|Win32.ActiveCfg = Release|Win32
		{946CAF96-C9E6-4E0A-A40E-F4FA816954DC}.Release|Win32.Build.0 = Release|Win32
		{946CAF96-C9E6-4E0A-A40E-F4FA816954DC}.Release|x64.ActiveCfg = Release|Win32
		{946CAF96-C9E6-4E0A-A40E-F4FA816954DC}.Template|Win32.ActiveCfg = Template|Win32
		{946CAF96-C9E6-4E0A-A40E-F4FA816954DC}.Template|Win32.Build.0 = Template|Win32
		{946CAF96-C9E6-4E0A-A40E-F4FA816954DC}.Template|x64.ActiveCfg = Template|Win32
		{53B30852-A8C0-4795-9B28-780B0256D589}.Debug|Win32.ActiveCfg = Debug|Win32
		{53B30852-A8C0-4795-9B28-780B0256D589}.Debug|x64.ActiveCfg = Debug|Win32
		{53B30852-A8C0-4795-9B28-780B0256D589}.Release|Win32.ActiveCfg = Release|Win32
		{53B30852-A8C0-4795-9B28-780B0256D589}.Release|Win32.Build.0 = Release|Win32
		{53B30852-A8C0-4795-9B28-780B0256D589}.Release|x64.ActiveCfg = Release|Win32
		{53B30852-A8C0-4795-9B28-780B0256D589}.Template|Win32.ActiveCfg = Template|Win32
		{53B30852-A8C0-4795-9B28-780B0256D589}.Template|Win32.Build.0 = Template|Win32
		{53B30852-A8C0-4795-9B28-780B0256D589}.Template|x64.ActiveCfg = Template|Win32
	EndGlobalSection
	GlobalSection(SolutionProperties) = preSolution
		HideSolutionNode = FALSE
	EndGlobalSection
	GlobalSection(NestedProjects) = preSolution
		{6A47123F-2CE9-4D46-8281-1ED7DE7374E1} = {EC1B21B2-107A-441C-8DA1-4B56E729E03C}
		{EE2CFC5F-9449-A19D-331B-786D0989DC07} = {EC1B21B2-107A-441C-8DA1-4B56E729E03C}
		{723A9C2B-08F8-2F9E-5883-50DDB1B2B467} = {EC1B21B2-107A-441C-8DA1-4B56E729E03C}
		{82376F04-42E2-4C62-FD2B-57F8A23976EB} = {74FFCDD8-B1E5-4357-9574-BB5A72E1BBFE}
		{35F58229-D977-EBE8-EFCA-8D998BE8DE3D} = {74FFCDD8-B1E5-4357-9574-BB5A72E1BBFE}
		{20C6EE81-596C-4682-BFB8-18F1ACDE7D01} = {74FFCDD8-B1E5-4357-9574-BB5A72E1BBFE}
		{A3B18EA9-84AA-32CD-5F29-57D9F770D205} = {1BFE17BB-9C4D-4264-ABDA-F5E62156D8DC}
		{745AFC9C-5AAA-CE30-64DE-BA375A632929} = {1BFE17BB-9C4D-4264-ABDA-F5E62156D8DC}
		{6363FCA2-051C-4196-850F-FD8457B4324E} = {1BFE17BB-9C4D-4264-ABDA-F5E62156D8DC}
		{9EEF71DB-96D5-438D-8838-515613A88C8B} = {44CABF19-DFB6-4785-A16D-B428CF3EBB2D}
		{A13AC4D2-FB77-4CAB-A638-4FCCEF61A0AD} = {44CABF19-DFB6-4785-A16D-B428CF3EBB2D}
		{AF5B74F1-AA33-4A1E-A866-15E7DD0BF6DE} = {44CABF19-DFB6-4785-A16D-B428CF3EBB2D}
		{5CE74B82-256A-4322-9BDC-A099B799737E} = {717FA7E1-062A-4B08-84B1-137AE0D20067}
		{946CAF96-C9E6-4E0A-A40E-F4FA816954DC} = {717FA7E1-062A-4B08-84B1-137AE0D20067}
		{53B30852-A8C0-4795-9B28-780B0256D589} = {717FA7E1-062A-4B08-84B1-137AE0D20067}
	EndGlobalSection
EndGlobal
