<?xml version="1.0" encoding="utf-8"?>
<Project ToolsVersion="4.0" xmlns="http://schemas.microsoft.com/developer/msbuild/2003">
  <ItemGroup>
    <ClCompile Include="actutltype.cpp" />
    <ClCompile Include="AdvComboBox.cpp" />
    <ClCompile Include="AdvListCtrl.cpp" />
    <ClCompile Include="ColorStatic\SelectColorStatic.cpp" />
    <ClCompile Include="CruxData.cpp" />
    <ClCompile Include="CruxServer.cpp" />
    <ClCompile Include="CruxServerDoc.cpp" />
    <ClCompile Include="CruxServerView.cpp" />
    <ClCompile Include="DataManager.cpp" />
    <ClCompile Include="DlgDefectInfo.cpp" />
    <ClCompile Include="DlgBottomBar.cpp" />
    <ClCompile Include="DlgDefectMap.cpp" />
    <ClCompile Include="DlgJudgeUI.cpp" />
    <ClCompile Include="DlgLuminanceSetup.cpp" />
    <ClCompile Include="DlgLuminanceStatus.cpp" />
    <ClCompile Include="DlgManualJudge.cpp" />
    <ClCompile Include="DlgMessage.cpp" />
    <ClCompile Include="DlgMessage2.cpp" />
    <ClCompile Include="DlgPanelCodeTest.cpp" />
    <ClCompile Include="DlgPanelJudge.cpp" />
    <ClCompile Include="DlgPLCSetup.cpp" />
    <ClCompile Include="DlgPopUpImage.cpp" />
    <ClCompile Include="DlgRecipe.cpp" />
    <ClCompile Include="DlgReportDefData.cpp" />
    <ClCompile Include="DlgSetJudgeItem.cpp" />
    <ClCompile Include="DlgStageState.cpp" />
    <ClCompile Include="DlgTemperature.cpp" />
    <ClCompile Include="DlgTopBar.cpp" />
    <ClCompile Include="DlgVisionState.cpp" />
    <ClCompile Include="EditableList.cpp" />
    <ClCompile Include="FtpClient.cpp" />
    <ClCompile Include="F_GRDAE_Dialog.cpp" />
    <ClCompile Include="GRADE_SET_Dialog.cpp" />
    <ClCompile Include="GRADERANKSET.cpp" />
    <ClCompile Include="Graph\GraphCtrl.cpp" />
    <ClCompile Include="Grid\GridCell.cpp" />
    <ClCompile Include="Grid\GridCellBase.cpp" />
    <ClCompile Include="Grid\GridCtrl.cpp" />
    <ClCompile Include="Grid\GridDropTarget.cpp" />
    <ClCompile Include="Grid\InPlaceEdit.cpp" />
    <ClCompile Include="Grid\TitleTip.cpp" />
    <ClCompile Include="IDD_DLG_MESSAGE2.cpp" />
    <ClCompile Include="Lib\GxButtonEx.cpp" />
    <ClCompile Include="Lib\GxStaticEx.cpp" />
    <ClCompile Include="LoadingDlg.cpp" />
    <ClCompile Include="Login.cpp" />
    <ClCompile Include="LogMng\Back.cpp" />
    <ClCompile Include="LogMng\FileMng.cpp" />
    <ClCompile Include="LogMng\LogMng.cpp" />
    <ClCompile Include="MainFrm.cpp" />
    <ClCompile Include="MainView.cpp" />
    <ClCompile Include="RamdomVal.cpp" />
    <ClCompile Include="SelectEngineerModeDlg.cpp" />
    <ClCompile Include="SeqTimeMng.cpp" />
    <ClCompile Include="SequenceManager.cpp" />
    <ClCompile Include="ServerWorkManager.cpp" />
    <ClCompile Include="SockCIMClt.cpp" />
    <ClCompile Include="SockCIMSvr.cpp" />
    <ClCompile Include="SockCtrlPCClt.cpp" />
    <ClCompile Include="SockCtrlPCSvr.cpp" />
    <ClCompile Include="SockManager.cpp" />
    <ClCompile Include="SockVisionClt.cpp" />
    <ClCompile Include="SockVisionSvr.cpp" />
    <ClCompile Include="stdafx.cpp" />
    <ClCompile Include="ThreadProcAlign.cpp" />
    <ClCompile Include="ThreadProcCIM.cpp" />
    <ClCompile Include="ThreadProcData.cpp" />
    <ClCompile Include="ThreadStatePLC.cpp" />
    <ClCompile Include="ThreadSeqCIM.cpp" />
    <ClCompile Include="ThreadProcPLC.cpp" />
    <ClCompile Include="ThreadSeqPLC.cpp" />
    <ClCompile Include="Token.cpp" />
    <ClCompile Include="Util\BIniFile.cpp" />
    <ClCompile Include="ViewAuto.cpp" />
    <ClCompile Include="ViewIOView.cpp" />
    <ClCompile Include="ViewManual.cpp" />
    <ClCompile Include="ViewReport.cpp" />
    <ClCompile Include="ViewSetup.cpp" />
    <ClCompile Include="ViewTest.cpp" />
  </ItemGroup>
  <ItemGroup>
    <ClInclude Include="actutltype.h" />
    <ClInclude Include="AdvComboBox.h" />
    <ClInclude Include="AdvListCtrl.h" />
    <ClInclude Include="ColorStatic\SelectColorStatic.h" />
    <ClInclude Include="CruxData.h" />
    <ClInclude Include="CruxDefine.h" />
    <ClInclude Include="CruxServer.h" />
    <ClInclude Include="CruxServerDoc.h" />
    <ClInclude Include="CruxServerView.h" />
    <ClInclude Include="DataManager.h" />
    <ClInclude Include="DefineCommon.h" />
    <ClInclude Include="DefineVal.h" />
    <ClInclude Include="DefineVal_M.h" />
    <ClInclude Include="DlgDefectInfo.h" />
    <ClInclude Include="DefineVal_BIG.h" />
    <ClInclude Include="define\ColorDefine.h" />
    <ClInclude Include="define\IndexDefine.h" />
    <ClInclude Include="DlgBottomBar.h" />
    <ClInclude Include="DlgDefectMap.h" />
    <ClInclude Include="DlgJudgeUI.h" />
    <ClInclude Include="DlgLogTab1.h" />
    <ClInclude Include="DlgLogTab2.h" />
    <ClInclude Include="DlgLogTab3.h" />
    <ClInclude Include="DlgLogTab4.h" />
    <ClInclude Include="DlgLuminanceSetup.h" />
    <ClInclude Include="DlgLuminanceStatus.h" />
    <ClInclude Include="DlgManualJudge.h" />
    <ClInclude Include="DlgMessage.h" />
    <ClInclude Include="DlgMessage2.h" />
    <ClInclude Include="DlgPanelCodeTest.h" />
    <ClInclude Include="DlgPanelJudge.h" />
    <ClInclude Include="DlgPLCSetup.h" />
    <ClInclude Include="DlgPopUpImage.h" />
    <ClInclude Include="DlgRecipe.h" />
    <ClInclude Include="DlgReportDefData.h" />
    <ClInclude Include="DlgSetJudgeItem.h" />
    <ClInclude Include="DlgStageState.h" />
    <ClInclude Include="DlgTemperature.h" />
    <ClInclude Include="DlgTopBar.h" />
    <ClInclude Include="DlgVisionState.h" />
    <ClInclude Include="EditableList.h" />
    <ClInclude Include="FtpClient.h" />
    <ClInclude Include="F_GRDAE_Dialog.h" />
    <ClInclude Include="GRADE_SET_Dialog.h" />
    <ClInclude Include="GRADERANKSET.h" />
    <ClInclude Include="Graph\GraphCtrl.h" />
    <ClInclude Include="Grid\CellRange.h" />
    <ClInclude Include="Grid\GridCell.h" />
    <ClInclude Include="Grid\GridCellBase.h" />
    <ClInclude Include="Grid\GridCtrl.h" />
    <ClInclude Include="Grid\GridDropTarget.h" />
    <ClInclude Include="Grid\InPlaceEdit.h" />
    <ClInclude Include="Grid\MemDC.h" />
    <ClInclude Include="Grid\TitleTip.h" />
    <ClInclude Include="IDD_DLG_MESSAGE2.h" />
    <ClInclude Include="Lib\GxButtonEx.h" />
    <ClInclude Include="Lib\GxStaticEx.h" />
    <ClInclude Include="LoadingDlg.h" />
    <ClInclude Include="Login.h" />
    <ClInclude Include="LogMng\Back.h" />
    <ClInclude Include="LogMng\FileMng.h" />
    <ClInclude Include="LogMng\logmng.h" />
    <ClInclude Include="LogWriter.h" />
    <ClInclude Include="MainFrm.h" />
    <ClInclude Include="MainView.h" />
    <ClInclude Include="RamdomVal.h" />
    <ClInclude Include="Resource.h" />
    <ClInclude Include="SelectEngineerModeDlg.h" />
    <ClInclude Include="SeqTimeMng.h" />
    <ClInclude Include="SequenceManager.h" />
    <ClInclude Include="ServerWorkManager.h" />
    <ClInclude Include="SockCIMClt.h" />
    <ClInclude Include="SockCIMSvr.h" />
    <ClInclude Include="SockCtrlPCClt.h" />
    <ClInclude Include="SockCtrlPCSvr.h" />
    <ClInclude Include="SockManager.h" />
    <ClInclude Include="SockVisionClt.h" />
    <ClInclude Include="SockVisionSvr.h" />
    <ClInclude Include="stdafx.h" />
    <ClInclude Include="Structure.h" />
    <ClInclude Include="targetver.h" />
    <ClInclude Include="ThreadProcAlign.h" />
    <ClInclude Include="Thread.h" />
    <ClInclude Include="ThreadProcCIM.h" />
    <ClInclude Include="ThreadProcData.h" />
    <ClInclude Include="ThreadStatePLC.h" />
    <ClInclude Include="ThreadSeqCIM.h" />
    <ClInclude Include="ThreadProcPLC.h" />
    <ClInclude Include="ThreadSeqPLC.h" />
    <ClInclude Include="Token.h" />
    <ClInclude Include="Util\BIniFile.h" />
    <ClInclude Include="ViewAuto.h" />
    <ClInclude Include="ViewIOView.h" />
    <ClInclude Include="ViewManual.h" />
    <ClInclude Include="ViewReport.h" />
    <ClInclude Include="ViewSetup.h" />
    <ClInclude Include="ViewTest.h" />
    <ClInclude Include="..\..\VisualStation\CommonHeader\Class\Interserverinterface.h" />
  </ItemGroup>
  <ItemGroup>
    <ResourceCompile Include="CruxServer.rc" />
  </ItemGroup>
  <ItemGroup>
    <None Include="ClassDiagram1.cd" />
    <None Include="ClassDiagram2.cd" />
    <None Include="ClassDiagram3.cd" />
    <None Include="ReadMe.txt" />
    <None Include="res\CruxServer.ico" />
    <None Include="res\CruxServer.rc2" />
    <None Include="res\CruxServerDoc.ico" />
  </ItemGroup>
</Project>