
Microsoft Visual Studio Solution File, Format Version 12.00
# Visual Studio 14
VisualStudioVersion = 14.0.25420.1
MinimumVisualStudioVersion = 10.0.40219.1
Project("{8BC9CEB8-8B4A-11D0-8D11-00A0C91BC942}") = "VSCameraTask", "VSCameraTask\VSCameraTask.vcxproj", "{DFA77D45-020C-41ED-AEA1-91AE1F6F35F1}"
	ProjectSection(ProjectDependencies) = postProject
		{8A2E581E-4914-4C0A-A000-3E7D03EA4A13} = {8A2E581E-4914-4C0A-A000-3E7D03EA4A13}
	EndProjectSection
EndProject
Project("{8BC9CEB8-8B4A-11D0-8D11-00A0C91BC942}") = "MatroxCameraTask", "VSCameraTask\MatroxCameraTask.vcxproj", "{D3C53928-E056-4A93-A17C-A5C0325FEA8E}"
EndProject
Project("{8BC9CEB8-8B4A-11D0-8D11-00A0C91BC942}") = "SimulationCameraTask", "VSCameraTask\SimulationCameraTask.vcxproj", "{5085A8D6-04E6-4616-8C97-20A34C55FAD2}"
	ProjectSection(ProjectDependencies) = postProject
		{8A2E581E-4914-4C0A-A000-3E7D03EA4A13} = {8A2E581E-4914-4C0A-A000-3E7D03EA4A13}
	EndProjectSection
EndProject
Project("{8BC9CEB8-8B4A-11D0-8D11-00A0C91BC942}") = "VistekCameraTask", "VSCameraTask\VistekCameraTask.vcxproj", "{8A2E581E-4914-4C0A-A000-3E7D03EA4A13}"
	ProjectSection(ProjectDependencies) = postProject
		{D3C53928-E056-4A93-A17C-A5C0325FEA8E} = {D3C53928-E056-4A93-A17C-A5C0325FEA8E}
	EndProjectSection
EndProject
Project("{8BC9CEB8-8B4A-11D0-8D11-00A0C91BC942}") = "IMICameraTask", "VSCameraTask\IMICameraTask.vcxproj", "{BC25CFEF-0846-4D9A-AD6D-51070137B3E0}"
EndProject
Project("{8BC9CEB8-8B4A-11D0-8D11-00A0C91BC942}") = "DalsaCameraTask", "VSCameraTask\DalsaCameraTask.vcxproj", "{B2F6FA0E-9B64-4EF8-AEE2-85E448DA44F2}"
EndProject
Project("{8BC9CEB8-8B4A-11D0-8D11-00A0C91BC942}") = "HikCameraTask", "VSCameraTask\HikCameraTask.vcxproj", "{C8318579-A437-4DC6-B73C-80ECFD69C5D0}"
EndProject
Project("{8BC9CEB8-8B4A-11D0-8D11-00A0C91BC942}") = "NedLineCameraTask", "VSCameraTask\NedLineCameraTask.vcxproj", "{4B5C15F5-A996-4EFB-8E2B-C9BC2DF6EEC7}"
EndProject
Project("{8BC9CEB8-8B4A-11D0-8D11-00A0C91BC942}") = "DalsaLineCameraTask", "VSCameraTask\DalsaLineCameraTask.vcxproj", "{4C5C8F04-4498-4FAD-A039-8EF3F8384276}"
EndProject
Project("{8BC9CEB8-8B4A-11D0-8D11-00A0C91BC942}") = "TestCamTask", "VSCameraTask\TestCamTask.vcxproj", "{D3971D88-E74D-4EA3-A917-73C6EDEC1341}"
EndProject
Global
	GlobalSection(SolutionConfigurationPlatforms) = preSolution
		Debug|Win32 = Debug|Win32
		Debug|x64 = Debug|x64
		Release|Win32 = Release|Win32
		Release|x64 = Release|x64
	EndGlobalSection
	GlobalSection(ProjectConfigurationPlatforms) = postSolution
		{DFA77D45-020C-41ED-AEA1-91AE1F6F35F1}.Debug|Win32.ActiveCfg = Debug|Win32
		{DFA77D45-020C-41ED-AEA1-91AE1F6F35F1}.Debug|x64.ActiveCfg = Debug|x64
		{DFA77D45-020C-41ED-AEA1-91AE1F6F35F1}.Release|Win32.ActiveCfg = Release|Win32
		{DFA77D45-020C-41ED-AEA1-91AE1F6F35F1}.Release|Win32.Build.0 = Release|Win32
		{DFA77D45-020C-41ED-AEA1-91AE1F6F35F1}.Release|x64.ActiveCfg = Release|x64
		{D3C53928-E056-4A93-A17C-A5C0325FEA8E}.Debug|Win32.ActiveCfg = Debug|Win32
		{D3C53928-E056-4A93-A17C-A5C0325FEA8E}.Debug|x64.ActiveCfg = Debug|x64
		{D3C53928-E056-4A93-A17C-A5C0325FEA8E}.Release|Win32.ActiveCfg = Release|Win32
		{D3C53928-E056-4A93-A17C-A5C0325FEA8E}.Release|Win32.Build.0 = Release|Win32
		{D3C53928-E056-4A93-A17C-A5C0325FEA8E}.Release|x64.ActiveCfg = Release|x64
		{5085A8D6-04E6-4616-8C97-20A34C55FAD2}.Debug|Win32.ActiveCfg = Debug|Win32
		{5085A8D6-04E6-4616-8C97-20A34C55FAD2}.Debug|x64.ActiveCfg = Debug|x64
		{5085A8D6-04E6-4616-8C97-20A34C55FAD2}.Release|Win32.ActiveCfg = Release|Win32
		{5085A8D6-04E6-4616-8C97-20A34C55FAD2}.Release|Win32.Build.0 = Release|Win32
		{5085A8D6-04E6-4616-8C97-20A34C55FAD2}.Release|x64.ActiveCfg = Release|x64
		{5085A8D6-04E6-4616-8C97-20A34C55FAD2}.Release|x64.Build.0 = Release|x64
		{8A2E581E-4914-4C0A-A000-3E7D03EA4A13}.Debug|Win32.ActiveCfg = Debug|Win32
		{8A2E581E-4914-4C0A-A000-3E7D03EA4A13}.Debug|Win32.Build.0 = Debug|Win32
		{8A2E581E-4914-4C0A-A000-3E7D03EA4A13}.Debug|x64.ActiveCfg = Debug|x64
		{8A2E581E-4914-4C0A-A000-3E7D03EA4A13}.Release|Win32.ActiveCfg = Release|Win32
		{8A2E581E-4914-4C0A-A000-3E7D03EA4A13}.Release|Win32.Build.0 = Release|Win32
		{8A2E581E-4914-4C0A-A000-3E7D03EA4A13}.Release|x64.ActiveCfg = Release|x64
		{BC25CFEF-0846-4D9A-AD6D-51070137B3E0}.Debug|Win32.ActiveCfg = Debug|Win32
		{BC25CFEF-0846-4D9A-AD6D-51070137B3E0}.Debug|x64.ActiveCfg = Debug|x64
		{BC25CFEF-0846-4D9A-AD6D-51070137B3E0}.Release|Win32.ActiveCfg = Release|Win32
		{BC25CFEF-0846-4D9A-AD6D-51070137B3E0}.Release|Win32.Build.0 = Release|Win32
		{BC25CFEF-0846-4D9A-AD6D-51070137B3E0}.Release|x64.ActiveCfg = Release|x64
		{B2F6FA0E-9B64-4EF8-AEE2-85E448DA44F2}.Debug|Win32.ActiveCfg = Debug|Win32
		{B2F6FA0E-9B64-4EF8-AEE2-85E448DA44F2}.Debug|x64.ActiveCfg = Debug|x64
		{B2F6FA0E-9B64-4EF8-AEE2-85E448DA44F2}.Release|Win32.ActiveCfg = Release|Win32
		{B2F6FA0E-9B64-4EF8-AEE2-85E448DA44F2}.Release|Win32.Build.0 = Release|Win32
		{B2F6FA0E-9B64-4EF8-AEE2-85E448DA44F2}.Release|x64.ActiveCfg = Release|x64
		{C8318579-A437-4DC6-B73C-80ECFD69C5D0}.Debug|Win32.ActiveCfg = Debug|Win32
		{C8318579-A437-4DC6-B73C-80ECFD69C5D0}.Debug|x64.ActiveCfg = Debug|x64
		{C8318579-A437-4DC6-B73C-80ECFD69C5D0}.Release|Win32.ActiveCfg = Release|Win32
		{C8318579-A437-4DC6-B73C-80ECFD69C5D0}.Release|Win32.Build.0 = Release|Win32
		{C8318579-A437-4DC6-B73C-80ECFD69C5D0}.Release|x64.ActiveCfg = Release|x64
		{4B5C15F5-A996-4EFB-8E2B-C9BC2DF6EEC7}.Debug|Win32.ActiveCfg = Debug|Win32
		{4B5C15F5-A996-4EFB-8E2B-C9BC2DF6EEC7}.Debug|Win32.Build.0 = Debug|Win32
		{4B5C15F5-A996-4EFB-8E2B-C9BC2DF6EEC7}.Debug|x64.ActiveCfg = Debug|x64
		{4B5C15F5-A996-4EFB-8E2B-C9BC2DF6EEC7}.Release|Win32.ActiveCfg = Release|Win32
		{4B5C15F5-A996-4EFB-8E2B-C9BC2DF6EEC7}.Release|Win32.Build.0 = Release|Win32
		{4B5C15F5-A996-4EFB-8E2B-C9BC2DF6EEC7}.Release|x64.ActiveCfg = Release|x64
		{4C5C8F04-4498-4FAD-A039-8EF3F8384276}.Debug|Win32.ActiveCfg = Debug|Win32
		{4C5C8F04-4498-4FAD-A039-8EF3F8384276}.Debug|Win32.Build.0 = Debug|Win32
		{4C5C8F04-4498-4FAD-A039-8EF3F8384276}.Debug|x64.ActiveCfg = Debug|x64
		{4C5C8F04-4498-4FAD-A039-8EF3F8384276}.Release|Win32.ActiveCfg = Release|Win32
		{4C5C8F04-4498-4FAD-A039-8EF3F8384276}.Release|Win32.Build.0 = Release|Win32
		{4C5C8F04-4498-4FAD-A039-8EF3F8384276}.Release|x64.ActiveCfg = Release|x64
		{D3971D88-E74D-4EA3-A917-73C6EDEC1341}.Debug|Win32.ActiveCfg = Debug|Win32
		{D3971D88-E74D-4EA3-A917-73C6EDEC1341}.Debug|Win32.Build.0 = Debug|Win32
		{D3971D88-E74D-4EA3-A917-73C6EDEC1341}.Debug|x64.ActiveCfg = Debug|x64
		{D3971D88-E74D-4EA3-A917-73C6EDEC1341}.Debug|x64.Build.0 = Debug|x64
		{D3971D88-E74D-4EA3-A917-73C6EDEC1341}.Release|Win32.ActiveCfg = Release|Win32
		{D3971D88-E74D-4EA3-A917-73C6EDEC1341}.Release|Win32.Build.0 = Release|Win32
		{D3971D88-E74D-4EA3-A917-73C6EDEC1341}.Release|x64.ActiveCfg = Release|x64
	EndGlobalSection
	GlobalSection(SolutionProperties) = preSolution
		HideSolutionNode = FALSE
	EndGlobalSection
EndGlobal
