<?xml version="1.0" encoding="utf-8"?>
<Project ToolsVersion="4.0" xmlns="http://schemas.microsoft.com/developer/msbuild/2003">
  <ItemGroup>
    <Filter Include="CommonCtrl">
      <UniqueIdentifier>{9a42c660-be76-46be-9653-10155ba0487d}</UniqueIdentifier>
    </Filter>
    <Filter Include="리소스 파일">
      <UniqueIdentifier>{67DA6AB6-F800-4c08-8B7A-83BB121AAD01}</UniqueIdentifier>
      <Extensions>rc;ico;cur;bmp;dlg;rc2;rct;bin;rgs;gif;jpg;jpeg;jpe;resx;tiff;tif;png;wav;mfcribbon-ms</Extensions>
    </Filter>
    <Filter Include="헤더파일">
      <UniqueIdentifier>{aa01ec15-cd05-4d2a-b8ac-e7daa7a44441}</UniqueIdentifier>
    </Filter>
    <Filter Include="Task">
      <UniqueIdentifier>{4FC737F1-C7A5-4376-A066-2A32D752A2FF}</UniqueIdentifier>
      <Extensions>cpp;c;cc;cxx;def;odl;idl;hpj;bat;asm;asmx</Extensions>
    </Filter>
    <Filter Include="소스파일">
      <UniqueIdentifier>{171f6eb4-3697-4f8f-8da1-cc86403cec2e}</UniqueIdentifier>
    </Filter>
    <Filter Include="Config">
      <UniqueIdentifier>{9ce22245-489b-40d8-bf0b-a178acf3ab6f}</UniqueIdentifier>
    </Filter>
    <Filter Include="Inspection">
      <UniqueIdentifier>{d436f163-90fc-4682-af0a-b1f8e7de711f}</UniqueIdentifier>
    </Filter>
    <Filter Include="ServerInterface">
      <UniqueIdentifier>{6d24e937-8186-49b6-a8b9-5c0c562c702b}</UniqueIdentifier>
    </Filter>
    <Filter Include="ServerInterface\VisualStation">
      <UniqueIdentifier>{25efbf4a-5465-4703-aa7e-b4cffc60c57a}</UniqueIdentifier>
    </Filter>
    <Filter Include="ServerInterface\SharedMemory">
      <UniqueIdentifier>{9f40657f-e932-4453-91c5-317ac35ee57e}</UniqueIdentifier>
    </Filter>
    <Filter Include="ResultData">
      <UniqueIdentifier>{de3f6b89-ffc0-4f7b-877d-10912f494635}</UniqueIdentifier>
    </Filter>
    <Filter Include="Inspection\COMMON">
      <UniqueIdentifier>{0ffc5530-e7ef-41cd-b7ae-86d59d922306}</UniqueIdentifier>
    </Filter>
    <Filter Include="Inspection\BOE7">
      <UniqueIdentifier>{1c51870d-7587-4a3c-a612-56352e0889f9}</UniqueIdentifier>
    </Filter>
    <Filter Include="Inspection\BOE7\SVI">
      <UniqueIdentifier>{08dd3511-f530-479d-8f46-46d54cbe549b}</UniqueIdentifier>
    </Filter>
    <Filter Include="Inspection\BOE7\AVI">
      <UniqueIdentifier>{213ab75c-57d3-4f56-9ce7-7415f46896be}</UniqueIdentifier>
    </Filter>
    <Filter Include="Inspection\BOE7\APP">
      <UniqueIdentifier>{d3fb744b-58b7-4364-a525-6c3c8ed45c36}</UniqueIdentifier>
    </Filter>
    <Filter Include="Inspection\BOE7\COMMON">
      <UniqueIdentifier>{b84f988c-c115-4cf5-8a96-1cd32d6ca43c}</UniqueIdentifier>
    </Filter>
    <Filter Include="MatBuffResultManager">
      <UniqueIdentifier>{ab8654eb-09fe-4345-be3d-2927821bf112}</UniqueIdentifier>
    </Filter>
    <Filter Include="DB">
      <UniqueIdentifier>{c52c2184-aacb-4da7-b91e-045d8dc9b27d}</UniqueIdentifier>
    </Filter>
  </ItemGroup>
  <ItemGroup>
    <None Include="ReadMe.txt" />
    <None Include="res\VSAlgorithmTask.ico">
      <Filter>리소스 파일</Filter>
    </None>
    <None Include="res\VSAlgorithmTask.rc2">
      <Filter>리소스 파일</Filter>
    </None>
    <None Include="res\Algorithm.ico">
      <Filter>리소스 파일</Filter>
    </None>
  </ItemGroup>
  <ItemGroup>
    <ClInclude Include="CPUTimer.h">
      <Filter>CommonCtrl</Filter>
    </ClInclude>
    <ClInclude Include="targetver.h">
      <Filter>헤더파일</Filter>
    </ClInclude>
    <ClInclude Include="Resource.h">
      <Filter>헤더파일</Filter>
    </ClInclude>
    <ClInclude Include="stdafx.h">
      <Filter>헤더파일</Filter>
    </ClInclude>
    <ClInclude Include="VSAlgorithmTaskDlg.h">
      <Filter>Task</Filter>
    </ClInclude>
    <ClInclude Include="VSAlgorithmTask.h">
      <Filter>Task</Filter>
    </ClInclude>
    <ClInclude Include="Config.h">
      <Filter>Config</Filter>
    </ClInclude>
    <ClInclude Include="WorkManager.h">
      <Filter>ServerInterface\VisualStation</Filter>
    </ClInclude>
    <ClInclude Include="StatusManager.h">
      <Filter>ServerInterface\VisualStation</Filter>
    </ClInclude>
    <ClInclude Include="TaskInterfacer.h">
      <Filter>ServerInterface\VisualStation</Filter>
    </ClInclude>
    <ClInclude Include="ErrorProcess.h">
      <Filter>ServerInterface\VisualStation</Filter>
    </ClInclude>
    <ClInclude Include="SharedMemWrapper.h">
      <Filter>ServerInterface\SharedMemory</Filter>
    </ClInclude>
    <ClInclude Include="AviDefineInspect.h">
      <Filter>Inspection\BOE7\AVI</Filter>
    </ClInclude>
    <ClInclude Include="ImageSave.h">
      <Filter>CommonCtrl</Filter>
    </ClInclude>
    <ClInclude Include="TaskList.h">
      <Filter>CommonCtrl</Filter>
    </ClInclude>
    <ClInclude Include="Markup.h">
      <Filter>CommonCtrl</Filter>
    </ClInclude>
    <ClInclude Include="LogWriter.h">
      <Filter>CommonCtrl</Filter>
    </ClInclude>
    <ClInclude Include="AviInspection.h">
      <Filter>Inspection\BOE7\AVI</Filter>
    </ClInclude>
    <ClInclude Include="InspResultInfo.h">
      <Filter>ResultData</Filter>
    </ClInclude>
    <ClInclude Include="JudgeDefect.h">
      <Filter>Inspection</Filter>
    </ClInclude>
    <ClInclude Include="AlgorithmInterface.h">
      <Filter>Inspection</Filter>
    </ClInclude>
    <ClInclude Include="InspMainSequence.h">
      <Filter>Inspection</Filter>
    </ClInclude>
    <ClInclude Include="InspThrd.h">
      <Filter>Inspection</Filter>
    </ClInclude>
    <ClInclude Include="Define.h">
      <Filter>헤더파일</Filter>
    </ClInclude>
    <ClInclude Include="DllInterface.h">
      <Filter>Inspection\BOE7\COMMON</Filter>
    </ClInclude>
    <ClInclude Include="SviInspection.h">
      <Filter>Inspection\BOE7\SVI</Filter>
    </ClInclude>
    <ClInclude Include="InspectPanel.h">
      <Filter>Inspection</Filter>
    </ClInclude>
    <ClInclude Include="DiskInfo.h">
      <Filter>CommonCtrl</Filter>
    </ClInclude>
    <ClInclude Include="AppInspection.h">
      <Filter>Inspection\BOE7\APP</Filter>
    </ClInclude>
    <ClInclude Include="AppDefineInspect.h">
      <Filter>Inspection\BOE7\APP</Filter>
    </ClInclude>
    <ClInclude Include="SviDefineInspect.h">
      <Filter>Inspection\BOE7\SVI</Filter>
    </ClInclude>
    <ClInclude Include="DefineInterface.h">
      <Filter>Inspection\COMMON</Filter>
    </ClInclude>
    <ClInclude Include="DefineInterface_SITE.h">
      <Filter>Inspection\BOE7\COMMON</Filter>
    </ClInclude>
    <ClInclude Include="MatBufferResultManager.h">
      <Filter>MatBuffResultManager</Filter>
    </ClInclude>
    <ClInclude Include="MatResultBuf.h">
      <Filter>MatBuffResultManager</Filter>
    </ClInclude>
    <ClInclude Include="MssqlODBC.h">
      <Filter>DB</Filter>
    </ClInclude>
    <ClInclude Include="PancakeStruct.h">
      <Filter>DB</Filter>
    </ClInclude>
  </ItemGroup>
  <ItemGroup>
    <ClCompile Include="CPUTimer.cpp">
      <Filter>CommonCtrl</Filter>
    </ClCompile>
    <ClCompile Include="stdafx.cpp">
      <Filter>소스파일</Filter>
    </ClCompile>
    <ClCompile Include="VSAlgorithmTaskDlg.cpp">
      <Filter>Task</Filter>
    </ClCompile>
    <ClCompile Include="VSAlgorithmTask.cpp">
      <Filter>Task</Filter>
    </ClCompile>
    <ClCompile Include="Config.cpp">
      <Filter>Config</Filter>
    </ClCompile>
    <ClCompile Include="StatusManager.cpp">
      <Filter>ServerInterface\VisualStation</Filter>
    </ClCompile>
    <ClCompile Include="TaskInterfacer.cpp">
      <Filter>ServerInterface\VisualStation</Filter>
    </ClCompile>
    <ClCompile Include="WorkManager.cpp">
      <Filter>ServerInterface\VisualStation</Filter>
    </ClCompile>
    <ClCompile Include="SharedMemWrapper.cpp">
      <Filter>ServerInterface\SharedMemory</Filter>
    </ClCompile>
    <ClCompile Include="Markup.cpp">
      <Filter>CommonCtrl</Filter>
    </ClCompile>
    <ClCompile Include="LogWriter.cpp">
      <Filter>CommonCtrl</Filter>
    </ClCompile>
    <ClCompile Include="AviInspection.cpp">
      <Filter>Inspection\BOE7\AVI</Filter>
    </ClCompile>
    <ClCompile Include="InspResultInfo.cpp">
      <Filter>ResultData</Filter>
    </ClCompile>
    <ClCompile Include="AlgorithmInterface.cpp">
      <Filter>Inspection</Filter>
    </ClCompile>
    <ClCompile Include="InspMainSequence.cpp">
      <Filter>Inspection</Filter>
    </ClCompile>
    <ClCompile Include="InspThrd.cpp">
      <Filter>Inspection</Filter>
    </ClCompile>
    <ClCompile Include="JudgeDefect.cpp">
      <Filter>Inspection</Filter>
    </ClCompile>
    <ClCompile Include="SviInspection.cpp">
      <Filter>Inspection\BOE7\SVI</Filter>
    </ClCompile>
    <ClCompile Include="InspectPanel.cpp">
      <Filter>Inspection</Filter>
    </ClCompile>
    <ClCompile Include="AppInspection.cpp">
      <Filter>Inspection\BOE7\APP</Filter>
    </ClCompile>
    <ClCompile Include="DiskInfo.cpp">
      <Filter>CommonCtrl</Filter>
    </ClCompile>
    <ClCompile Include="MatBufferResultManager.cpp">
      <Filter>MatBuffResultManager</Filter>
    </ClCompile>
    <ClCompile Include="MatResultBuf.cpp">
      <Filter>MatBuffResultManager</Filter>
    </ClCompile>
    <ClCompile Include="MssqlODBC.cpp">
      <Filter>DB</Filter>
    </ClCompile>
  </ItemGroup>
  <ItemGroup>
    <ResourceCompile Include="VSAlgorithmTask.rc">
      <Filter>리소스 파일</Filter>
    </ResourceCompile>
  </ItemGroup>
</Project>